
Microsoft Visual Studio Solution File, Format Version 12.00
Project("{FAE04EC0-301F-11D3-BF4B-00C04F79EFBC}") = "AdventOfCode23.Day1", "AdventOfCode23.Day1\AdventOfCode23.Day1.csproj", "{7FA2B147-E344-4FBD-8E58-F2B348C705D8}"
EndProject
Project("{FAE04EC0-301F-11D3-BF4B-00C04F79EFBC}") = "AdventOfCode23.Day2", "AdventOfCode23.Day2\AdventOfCode23.Day2.csproj", "{3E217A69-4B6D-485F-9D0C-1DC131DB7EB7}"
EndProject
Project("{FAE04EC0-301F-11D3-BF4B-00C04F79EFBC}") = "AdventOfCode23.Day3", "AdventOfCode23.Day3\AdventOfCode23.Day3.csproj", "{FE17C524-A295-4776-A347-DDB3E630293F}"
EndProject
Project("{FAE04EC0-301F-11D3-BF4B-00C04F79EFBC}") = "AdventOfCode.Shared", "AdventOfCode.Shared\AdventOfCode.Shared.csproj", "{84AB72E2-81CD-4B10-AC3D-3AA1FCC5A8FB}"
EndProject
Project("{FAE04EC0-301F-11D3-BF4B-00C04F79EFBC}") = "AdventOfCode23.Day4", "AdventOfCode23.Day4\AdventOfCode23.Day4.csproj", "{E29938E7-CA2B-4D2C-B754-45457F7AC76D}"
EndProject
Project("{FAE04EC0-301F-11D3-BF4B-00C04F79EFBC}") = "AdventOfCode23.Day5", "AdventOfCode23.Day5\AdventOfCode23.Day5.csproj", "{26D90A51-3274-44D1-B0F3-13E3FC70B28F}"
EndProject
Project("{FAE04EC0-301F-11D3-BF4B-00C04F79EFBC}") = "AdventOfCode23.Day6", "AdventOfCode23.Day6\AdventOfCode23.Day6.csproj", "{DF514879-9F7B-4A73-B198-A88A5C66D254}"
EndProject
Project("{FAE04EC0-301F-11D3-BF4B-00C04F79EFBC}") = "AdventOfCode23.Day7", "AdventOfCode23.Day7\AdventOfCode23.Day7.csproj", "{7D4BF2BD-0ED3-4EAF-A314-6E46CF77EF5A}"
EndProject
Project("{FAE04EC0-301F-11D3-BF4B-00C04F79EFBC}") = "AdventOfCode23.Day8", "AdventOfCode23.Day8\AdventOfCode23.Day8.csproj", "{4C32D2BA-E376-4551-BB9B-B2807FE27664}"
EndProject
Project("{FAE04EC0-301F-11D3-BF4B-00C04F79EFBC}") = "AdventOfCode23.Day9", "AdventOfCode23.Day9\AdventOfCode23.Day9.csproj", "{4EEE5947-C82B-41EB-BC9E-F97E5D670F63}"
EndProject
Project("{FAE04EC0-301F-11D3-BF4B-00C04F79EFBC}") = "AdventOfCode23.Day10", "AdventOfCode23.Day10\AdventOfCode23.Day10.csproj", "{B8F27C61-B967-4E8C-BB93-9116720609B8}"
EndProject
Project("{FAE04EC0-301F-11D3-BF4B-00C04F79EFBC}") = "AdventOfCode23.Day11", "AdventOfCode23.Day11\AdventOfCode23.Day11.csproj", "{CE097413-E07C-4717-803C-4824B0DDDC90}"
EndProject
Project("{FAE04EC0-301F-11D3-BF4B-00C04F79EFBC}") = "AdventOfCode23.Day12", "AdventOfCode23.Day12\AdventOfCode23.Day12.csproj", "{AF362699-2843-475D-A77C-A52A20DC1956}"
EndProject
Project("{2150E333-8FDC-42A3-9474-1A3956D46DE8}") = "AoC23", "AoC23", "{859DB82B-572D-452C-9C5F-7157A232A4DB}"
EndProject
Project("{FAE04EC0-301F-11D3-BF4B-00C04F79EFBC}") = "AdventOfCode.Console", "AdventOfCode.Console\AdventOfCode.Console.csproj", "{2215556B-00B9-47A2-834C-92813553CABA}"
EndProject
Global
	GlobalSection(SolutionConfigurationPlatforms) = preSolution
		Debug|Any CPU = Debug|Any CPU
		Release|Any CPU = Release|Any CPU
	EndGlobalSection
	GlobalSection(ProjectConfigurationPlatforms) = postSolution
		{7FA2B147-E344-4FBD-8E58-F2B348C705D8}.Debug|Any CPU.ActiveCfg = Debug|Any CPU
		{7FA2B147-E344-4FBD-8E58-F2B348C705D8}.Debug|Any CPU.Build.0 = Debug|Any CPU
		{7FA2B147-E344-4FBD-8E58-F2B348C705D8}.Release|Any CPU.ActiveCfg = Release|Any CPU
		{7FA2B147-E344-4FBD-8E58-F2B348C705D8}.Release|Any CPU.Build.0 = Release|Any CPU
		{3E217A69-4B6D-485F-9D0C-1DC131DB7EB7}.Debug|Any CPU.ActiveCfg = Debug|Any CPU
		{3E217A69-4B6D-485F-9D0C-1DC131DB7EB7}.Debug|Any CPU.Build.0 = Debug|Any CPU
		{3E217A69-4B6D-485F-9D0C-1DC131DB7EB7}.Release|Any CPU.ActiveCfg = Release|Any CPU
		{3E217A69-4B6D-485F-9D0C-1DC131DB7EB7}.Release|Any CPU.Build.0 = Release|Any CPU
		{FE17C524-A295-4776-A347-DDB3E630293F}.Debug|Any CPU.ActiveCfg = Debug|Any CPU
		{FE17C524-A295-4776-A347-DDB3E630293F}.Debug|Any CPU.Build.0 = Debug|Any CPU
		{FE17C524-A295-4776-A347-DDB3E630293F}.Release|Any CPU.ActiveCfg = Release|Any CPU
		{FE17C524-A295-4776-A347-DDB3E630293F}.Release|Any CPU.Build.0 = Release|Any CPU
		{84AB72E2-81CD-4B10-AC3D-3AA1FCC5A8FB}.Debug|Any CPU.ActiveCfg = Debug|Any CPU
		{84AB72E2-81CD-4B10-AC3D-3AA1FCC5A8FB}.Debug|Any CPU.Build.0 = Debug|Any CPU
		{84AB72E2-81CD-4B10-AC3D-3AA1FCC5A8FB}.Release|Any CPU.ActiveCfg = Release|Any CPU
		{84AB72E2-81CD-4B10-AC3D-3AA1FCC5A8FB}.Release|Any CPU.Build.0 = Release|Any CPU
		{E29938E7-CA2B-4D2C-B754-45457F7AC76D}.Debug|Any CPU.ActiveCfg = Debug|Any CPU
		{E29938E7-CA2B-4D2C-B754-45457F7AC76D}.Debug|Any CPU.Build.0 = Debug|Any CPU
		{E29938E7-CA2B-4D2C-B754-45457F7AC76D}.Release|Any CPU.ActiveCfg = Release|Any CPU
		{E29938E7-CA2B-4D2C-B754-45457F7AC76D}.Release|Any CPU.Build.0 = Release|Any CPU
		{26D90A51-3274-44D1-B0F3-13E3FC70B28F}.Debug|Any CPU.ActiveCfg = Debug|Any CPU
		{26D90A51-3274-44D1-B0F3-13E3FC70B28F}.Debug|Any CPU.Build.0 = Debug|Any CPU
		{26D90A51-3274-44D1-B0F3-13E3FC70B28F}.Release|Any CPU.ActiveCfg = Release|Any CPU
		{26D90A51-3274-44D1-B0F3-13E3FC70B28F}.Release|Any CPU.Build.0 = Release|Any CPU
		{DF514879-9F7B-4A73-B198-A88A5C66D254}.Debug|Any CPU.ActiveCfg = Debug|Any CPU
		{DF514879-9F7B-4A73-B198-A88A5C66D254}.Debug|Any CPU.Build.0 = Debug|Any CPU
		{DF514879-9F7B-4A73-B198-A88A5C66D254}.Release|Any CPU.ActiveCfg = Release|Any CPU
		{DF514879-9F7B-4A73-B198-A88A5C66D254}.Release|Any CPU.Build.0 = Release|Any CPU
		{7D4BF2BD-0ED3-4EAF-A314-6E46CF77EF5A}.Debug|Any CPU.ActiveCfg = Debug|Any CPU
		{7D4BF2BD-0ED3-4EAF-A314-6E46CF77EF5A}.Debug|Any CPU.Build.0 = Debug|Any CPU
		{7D4BF2BD-0ED3-4EAF-A314-6E46CF77EF5A}.Release|Any CPU.ActiveCfg = Release|Any CPU
		{7D4BF2BD-0ED3-4EAF-A314-6E46CF77EF5A}.Release|Any CPU.Build.0 = Release|Any CPU
		{4C32D2BA-E376-4551-BB9B-B2807FE27664}.Debug|Any CPU.ActiveCfg = Debug|Any CPU
		{4C32D2BA-E376-4551-BB9B-B2807FE27664}.Debug|Any CPU.Build.0 = Debug|Any CPU
		{4C32D2BA-E376-4551-BB9B-B2807FE27664}.Release|Any CPU.ActiveCfg = Release|Any CPU
		{4C32D2BA-E376-4551-BB9B-B2807FE27664}.Release|Any CPU.Build.0 = Release|Any CPU
		{4EEE5947-C82B-41EB-BC9E-F97E5D670F63}.Debug|Any CPU.ActiveCfg = Debug|Any CPU
		{4EEE5947-C82B-41EB-BC9E-F97E5D670F63}.Debug|Any CPU.Build.0 = Debug|Any CPU
		{4EEE5947-C82B-41EB-BC9E-F97E5D670F63}.Release|Any CPU.ActiveCfg = Release|Any CPU
		{4EEE5947-C82B-41EB-BC9E-F97E5D670F63}.Release|Any CPU.Build.0 = Release|Any CPU
		{B8F27C61-B967-4E8C-BB93-9116720609B8}.Debug|Any CPU.ActiveCfg = Debug|Any CPU
		{B8F27C61-B967-4E8C-BB93-9116720609B8}.Debug|Any CPU.Build.0 = Debug|Any CPU
		{B8F27C61-B967-4E8C-BB93-9116720609B8}.Release|Any CPU.ActiveCfg = Release|Any CPU
		{B8F27C61-B967-4E8C-BB93-9116720609B8}.Release|Any CPU.Build.0 = Release|Any CPU
		{CE097413-E07C-4717-803C-4824B0DDDC90}.Debug|Any CPU.ActiveCfg = Debug|Any CPU
		{CE097413-E07C-4717-803C-4824B0DDDC90}.Debug|Any CPU.Build.0 = Debug|Any CPU
		{CE097413-E07C-4717-803C-4824B0DDDC90}.Release|Any CPU.ActiveCfg = Release|Any CPU
		{CE097413-E07C-4717-803C-4824B0DDDC90}.Release|Any CPU.Build.0 = Release|Any CPU
		{AF362699-2843-475D-A77C-A52A20DC1956}.Debug|Any CPU.ActiveCfg = Debug|Any CPU
		{AF362699-2843-475D-A77C-A52A20DC1956}.Debug|Any CPU.Build.0 = Debug|Any CPU
		{AF362699-2843-475D-A77C-A52A20DC1956}.Release|Any CPU.ActiveCfg = Release|Any CPU
		{AF362699-2843-475D-A77C-A52A20DC1956}.Release|Any CPU.Build.0 = Release|Any CPU
		{2215556B-00B9-47A2-834C-92813553CABA}.Debug|Any CPU.ActiveCfg = Debug|Any CPU
		{2215556B-00B9-47A2-834C-92813553CABA}.Debug|Any CPU.Build.0 = Debug|Any CPU
		{2215556B-00B9-47A2-834C-92813553CABA}.Release|Any CPU.ActiveCfg = Release|Any CPU
		{2215556B-00B9-47A2-834C-92813553CABA}.Release|Any CPU.Build.0 = Release|Any CPU
	EndGlobalSection
	GlobalSection(NestedProjects) = preSolution
		{7FA2B147-E344-4FBD-8E58-F2B348C705D8} = {859DB82B-572D-452C-9C5F-7157A232A4DB}
		{3E217A69-4B6D-485F-9D0C-1DC131DB7EB7} = {859DB82B-572D-452C-9C5F-7157A232A4DB}
		{FE17C524-A295-4776-A347-DDB3E630293F} = {859DB82B-572D-452C-9C5F-7157A232A4DB}
		{E29938E7-CA2B-4D2C-B754-45457F7AC76D} = {859DB82B-572D-452C-9C5F-7157A232A4DB}
		{26D90A51-3274-44D1-B0F3-13E3FC70B28F} = {859DB82B-572D-452C-9C5F-7157A232A4DB}
		{DF514879-9F7B-4A73-B198-A88A5C66D254} = {859DB82B-572D-452C-9C5F-7157A232A4DB}
		{7D4BF2BD-0ED3-4EAF-A314-6E46CF77EF5A} = {859DB82B-572D-452C-9C5F-7157A232A4DB}
		{4C32D2BA-E376-4551-BB9B-B2807FE27664} = {859DB82B-572D-452C-9C5F-7157A232A4DB}
		{4EEE5947-C82B-41EB-BC9E-F97E5D670F63} = {859DB82B-572D-452C-9C5F-7157A232A4DB}
		{B8F27C61-B967-4E8C-BB93-9116720609B8} = {859DB82B-572D-452C-9C5F-7157A232A4DB}
		{CE097413-E07C-4717-803C-4824B0DDDC90} = {859DB82B-572D-452C-9C5F-7157A232A4DB}
		{AF362699-2843-475D-A77C-A52A20DC1956} = {859DB82B-572D-452C-9C5F-7157A232A4DB}
	EndGlobalSection
EndGlobal
