
Microsoft Visual Studio Solution File, Format Version 12.00
Project("{FAE04EC0-301F-11D3-BF4B-00C04F79EFBC}") = "AdventOfCode23.Day1", "AdventOfCode23.Day1\AdventOfCode23.Day1.csproj", "{7FA2B147-E344-4FBD-8E58-F2B348C705D8}"
EndProject
Project("{FAE04EC0-301F-11D3-BF4B-00C04F79EFBC}") = "AdventOfCode23.Day2", "AdventOfCode23.Day2\AdventOfCode23.Day2.csproj", "{3E217A69-4B6D-485F-9D0C-1DC131DB7EB7}"
EndProject
Project("{FAE04EC0-301F-11D3-BF4B-00C04F79EFBC}") = "AdventOfCode23.Day3", "AdventOfCode23.Day3\AdventOfCode23.Day3.csproj", "{FE17C524-A295-4776-A347-DDB3E630293F}"
EndProject
Project("{FAE04EC0-301F-11D3-BF4B-00C04F79EFBC}") = "AdventOfCode.Shared", "AdventOfCode.Shared\AdventOfCode.Shared.csproj", "{84AB72E2-81CD-4B10-AC3D-3AA1FCC5A8FB}"
EndProject
Project("{FAE04EC0-301F-11D3-BF4B-00C04F79EFBC}") = "AdventOfCode23.Day4", "AdventOfCode23.Day4\AdventOfCode23.Day4.csproj", "{E29938E7-CA2B-4D2C-B754-45457F7AC76D}"
EndProject
Project("{FAE04EC0-301F-11D3-BF4B-00C04F79EFBC}") = "AdventOfCode23.Day5", "AdventOfCode23.Day5\AdventOfCode23.Day5.csproj", "{26D90A51-3274-44D1-B0F3-13E3FC70B28F}"
EndProject
Project("{FAE04EC0-301F-11D3-BF4B-00C04F79EFBC}") = "AdventOfCode23.Day6", "AdventOfCode23.Day6\AdventOfCode23.Day6.csproj", "{DF514879-9F7B-4A73-B198-A88A5C66D254}"
EndProject
Project("{FAE04EC0-301F-11D3-BF4B-00C04F79EFBC}") = "AdventOfCode23.Day7", "AdventOfCode23.Day7\AdventOfCode23.Day7.csproj", "{7D4BF2BD-0ED3-4EAF-A314-6E46CF77EF5A}"
EndProject
Project("{FAE04EC0-301F-11D3-BF4B-00C04F79EFBC}") = "AdventOfCode23.Day8", "AdventOfCode23.Day8\AdventOfCode23.Day8.csproj", "{4C32D2BA-E376-4551-BB9B-B2807FE27664}"
EndProject
Project("{FAE04EC0-301F-11D3-BF4B-00C04F79EFBC}") = "AdventOfCode23.Day9", "AdventOfCode23.Day9\AdventOfCode23.Day9.csproj", "{4EEE5947-C82B-41EB-BC9E-F97E5D670F63}"
EndProject
Project("{FAE04EC0-301F-11D3-BF4B-00C04F79EFBC}") = "AdventOfCode23.Day10", "AdventOfCode23.Day10\AdventOfCode23.Day10.csproj", "{B8F27C61-B967-4E8C-BB93-9116720609B8}"
EndProject
Project("{FAE04EC0-301F-11D3-BF4B-00C04F79EFBC}") = "AdventOfCode23.Day11", "AdventOfCode23.Day11\AdventOfCode23.Day11.csproj", "{CE097413-E07C-4717-803C-4824B0DDDC90}"
EndProject
Project("{FAE04EC0-301F-11D3-BF4B-00C04F79EFBC}") = "AdventOfCode23.Day12", "AdventOfCode23.Day12\AdventOfCode23.Day12.csproj", "{AF362699-2843-475D-A77C-A52A20DC1956}"
EndProject
Project("{2150E333-8FDC-42A3-9474-1A3956D46DE8}") = "AoC23", "AoC23", "{859DB82B-572D-452C-9C5F-7157A232A4DB}"
EndProject
Project("{FAE04EC0-301F-11D3-BF4B-00C04F79EFBC}") = "AdventOfCode.Console", "AdventOfCode.Console\AdventOfCode.Console.csproj", "{2215556B-00B9-47A2-834C-92813553CABA}"
EndProject
Project("{2150E333-8FDC-42A3-9474-1A3956D46DE8}") = "AoC24", "AoC24", "{7046D895-4628-4A6B-A9A2-91AF2A4FBDAF}"
EndProject
Project("{FAE04EC0-301F-11D3-BF4B-00C04F79EFBC}") = "AdventOfCode24.Day1", "AdventOfCode24.Day1\AdventOfCode24.Day1.csproj", "{BA75A87A-2EDB-445B-8DCB-B29967938F93}"
EndProject
Project("{FAE04EC0-301F-11D3-BF4B-00C04F79EFBC}") = "AdventOfCode24.Day2", "AdventOfCode24.Day2\AdventOfCode24.Day2.csproj", "{03DFB62B-C9DB-447E-95F5-6D168D2CA001}"
EndProject
Project("{FAE04EC0-301F-11D3-BF4B-00C04F79EFBC}") = "AdventOfCode24.Day2.Tests", "AdventOfCode24.Day2.Tests\AdventOfCode24.Day2.Tests.csproj", "{28C78CE5-7F18-4AF2-A402-4FEDD76C56C9}"
EndProject
Project("{FAE04EC0-301F-11D3-BF4B-00C04F79EFBC}") = "AdventOfCode24.Day3", "AdventOfCode24.Day3\AdventOfCode24.Day3.csproj", "{2802FFF3-40C6-4F45-8137-835FB8076301}"
EndProject
Project("{2150E333-8FDC-42A3-9474-1A3956D46DE8}") = "__Tests", "__Tests", "{09AC70CE-C60D-4A51-987A-6D10E462F923}"
EndProject
Project("{FAE04EC0-301F-11D3-BF4B-00C04F79EFBC}") = "AdventOfCode24.Day3.Tests", "AdventOfCode24.Day3.Tests\AdventOfCode24.Day3.Tests.csproj", "{41C36960-0AF8-4FBC-B078-301F22ACD43C}"
EndProject
Project("{FAE04EC0-301F-11D3-BF4B-00C04F79EFBC}") = "AdventOfCode24.Day4", "AdventOfCode24.Day4\AdventOfCode24.Day4.csproj", "{232275A1-12BA-42EF-AA34-BD6F4EC373AF}"
EndProject
Project("{FAE04EC0-301F-11D3-BF4B-00C04F79EFBC}") = "AdventOfCode24.Day4.Tests", "AdventOfCode24.Day4.Tests\AdventOfCode24.Day4.Tests.csproj", "{19DBB00D-0F8B-442A-B805-ED04CFAC1D10}"
EndProject
Global
	GlobalSection(SolutionConfigurationPlatforms) = preSolution
		Debug|Any CPU = Debug|Any CPU
		Release|Any CPU = Release|Any CPU
	EndGlobalSection
	GlobalSection(ProjectConfigurationPlatforms) = postSolution
		{7FA2B147-E344-4FBD-8E58-F2B348C705D8}.Debug|Any CPU.ActiveCfg = Debug|Any CPU
		{7FA2B147-E344-4FBD-8E58-F2B348C705D8}.Debug|Any CPU.Build.0 = Debug|Any CPU
		{7FA2B147-E344-4FBD-8E58-F2B348C705D8}.Release|Any CPU.ActiveCfg = Release|Any CPU
		{7FA2B147-E344-4FBD-8E58-F2B348C705D8}.Release|Any CPU.Build.0 = Release|Any CPU
		{3E217A69-4B6D-485F-9D0C-1DC131DB7EB7}.Debug|Any CPU.ActiveCfg = Debug|Any CPU
		{3E217A69-4B6D-485F-9D0C-1DC131DB7EB7}.Debug|Any CPU.Build.0 = Debug|Any CPU
		{3E217A69-4B6D-485F-9D0C-1DC131DB7EB7}.Release|Any CPU.ActiveCfg = Release|Any CPU
		{3E217A69-4B6D-485F-9D0C-1DC131DB7EB7}.Release|Any CPU.Build.0 = Release|Any CPU
		{FE17C524-A295-4776-A347-DDB3E630293F}.Debug|Any CPU.ActiveCfg = Debug|Any CPU
		{FE17C524-A295-4776-A347-DDB3E630293F}.Debug|Any CPU.Build.0 = Debug|Any CPU
		{FE17C524-A295-4776-A347-DDB3E630293F}.Release|Any CPU.ActiveCfg = Release|Any CPU
		{FE17C524-A295-4776-A347-DDB3E630293F}.Release|Any CPU.Build.0 = Release|Any CPU
		{84AB72E2-81CD-4B10-AC3D-3AA1FCC5A8FB}.Debug|Any CPU.ActiveCfg = Debug|Any CPU
		{84AB72E2-81CD-4B10-AC3D-3AA1FCC5A8FB}.Debug|Any CPU.Build.0 = Debug|Any CPU
		{84AB72E2-81CD-4B10-AC3D-3AA1FCC5A8FB}.Release|Any CPU.ActiveCfg = Release|Any CPU
		{84AB72E2-81CD-4B10-AC3D-3AA1FCC5A8FB}.Release|Any CPU.Build.0 = Release|Any CPU
		{E29938E7-CA2B-4D2C-B754-45457F7AC76D}.Debug|Any CPU.ActiveCfg = Debug|Any CPU
		{E29938E7-CA2B-4D2C-B754-45457F7AC76D}.Debug|Any CPU.Build.0 = Debug|Any CPU
		{E29938E7-CA2B-4D2C-B754-45457F7AC76D}.Release|Any CPU.ActiveCfg = Release|Any CPU
		{E29938E7-CA2B-4D2C-B754-45457F7AC76D}.Release|Any CPU.Build.0 = Release|Any CPU
		{26D90A51-3274-44D1-B0F3-13E3FC70B28F}.Debug|Any CPU.ActiveCfg = Debug|Any CPU
		{26D90A51-3274-44D1-B0F3-13E3FC70B28F}.Debug|Any CPU.Build.0 = Debug|Any CPU
		{26D90A51-3274-44D1-B0F3-13E3FC70B28F}.Release|Any CPU.ActiveCfg = Release|Any CPU
		{26D90A51-3274-44D1-B0F3-13E3FC70B28F}.Release|Any CPU.Build.0 = Release|Any CPU
		{DF514879-9F7B-4A73-B198-A88A5C66D254}.Debug|Any CPU.ActiveCfg = Debug|Any CPU
		{DF514879-9F7B-4A73-B198-A88A5C66D254}.Debug|Any CPU.Build.0 = Debug|Any CPU
		{DF514879-9F7B-4A73-B198-A88A5C66D254}.Release|Any CPU.ActiveCfg = Release|Any CPU
		{DF514879-9F7B-4A73-B198-A88A5C66D254}.Release|Any CPU.Build.0 = Release|Any CPU
		{7D4BF2BD-0ED3-4EAF-A314-6E46CF77EF5A}.Debug|Any CPU.ActiveCfg = Debug|Any CPU
		{7D4BF2BD-0ED3-4EAF-A314-6E46CF77EF5A}.Debug|Any CPU.Build.0 = Debug|Any CPU
		{7D4BF2BD-0ED3-4EAF-A314-6E46CF77EF5A}.Release|Any CPU.ActiveCfg = Release|Any CPU
		{7D4BF2BD-0ED3-4EAF-A314-6E46CF77EF5A}.Release|Any CPU.Build.0 = Release|Any CPU
		{4C32D2BA-E376-4551-BB9B-B2807FE27664}.Debug|Any CPU.ActiveCfg = Debug|Any CPU
		{4C32D2BA-E376-4551-BB9B-B2807FE27664}.Debug|Any CPU.Build.0 = Debug|Any CPU
		{4C32D2BA-E376-4551-BB9B-B2807FE27664}.Release|Any CPU.ActiveCfg = Release|Any CPU
		{4C32D2BA-E376-4551-BB9B-B2807FE27664}.Release|Any CPU.Build.0 = Release|Any CPU
		{4EEE5947-C82B-41EB-BC9E-F97E5D670F63}.Debug|Any CPU.ActiveCfg = Debug|Any CPU
		{4EEE5947-C82B-41EB-BC9E-F97E5D670F63}.Debug|Any CPU.Build.0 = Debug|Any CPU
		{4EEE5947-C82B-41EB-BC9E-F97E5D670F63}.Release|Any CPU.ActiveCfg = Release|Any CPU
		{4EEE5947-C82B-41EB-BC9E-F97E5D670F63}.Release|Any CPU.Build.0 = Release|Any CPU
		{B8F27C61-B967-4E8C-BB93-9116720609B8}.Debug|Any CPU.ActiveCfg = Debug|Any CPU
		{B8F27C61-B967-4E8C-BB93-9116720609B8}.Debug|Any CPU.Build.0 = Debug|Any CPU
		{B8F27C61-B967-4E8C-BB93-9116720609B8}.Release|Any CPU.ActiveCfg = Release|Any CPU
		{B8F27C61-B967-4E8C-BB93-9116720609B8}.Release|Any CPU.Build.0 = Release|Any CPU
		{CE097413-E07C-4717-803C-4824B0DDDC90}.Debug|Any CPU.ActiveCfg = Debug|Any CPU
		{CE097413-E07C-4717-803C-4824B0DDDC90}.Debug|Any CPU.Build.0 = Debug|Any CPU
		{CE097413-E07C-4717-803C-4824B0DDDC90}.Release|Any CPU.ActiveCfg = Release|Any CPU
		{CE097413-E07C-4717-803C-4824B0DDDC90}.Release|Any CPU.Build.0 = Release|Any CPU
		{AF362699-2843-475D-A77C-A52A20DC1956}.Debug|Any CPU.ActiveCfg = Debug|Any CPU
		{AF362699-2843-475D-A77C-A52A20DC1956}.Debug|Any CPU.Build.0 = Debug|Any CPU
		{AF362699-2843-475D-A77C-A52A20DC1956}.Release|Any CPU.ActiveCfg = Release|Any CPU
		{AF362699-2843-475D-A77C-A52A20DC1956}.Release|Any CPU.Build.0 = Release|Any CPU
		{2215556B-00B9-47A2-834C-92813553CABA}.Debug|Any CPU.ActiveCfg = Debug|Any CPU
		{2215556B-00B9-47A2-834C-92813553CABA}.Debug|Any CPU.Build.0 = Debug|Any CPU
		{2215556B-00B9-47A2-834C-92813553CABA}.Release|Any CPU.ActiveCfg = Release|Any CPU
		{2215556B-00B9-47A2-834C-92813553CABA}.Release|Any CPU.Build.0 = Release|Any CPU
		{BA75A87A-2EDB-445B-8DCB-B29967938F93}.Debug|Any CPU.ActiveCfg = Debug|Any CPU
		{BA75A87A-2EDB-445B-8DCB-B29967938F93}.Debug|Any CPU.Build.0 = Debug|Any CPU
		{BA75A87A-2EDB-445B-8DCB-B29967938F93}.Release|Any CPU.ActiveCfg = Release|Any CPU
		{BA75A87A-2EDB-445B-8DCB-B29967938F93}.Release|Any CPU.Build.0 = Release|Any CPU
		{03DFB62B-C9DB-447E-95F5-6D168D2CA001}.Debug|Any CPU.ActiveCfg = Debug|Any CPU
		{03DFB62B-C9DB-447E-95F5-6D168D2CA001}.Debug|Any CPU.Build.0 = Debug|Any CPU
		{03DFB62B-C9DB-447E-95F5-6D168D2CA001}.Release|Any CPU.ActiveCfg = Release|Any CPU
		{03DFB62B-C9DB-447E-95F5-6D168D2CA001}.Release|Any CPU.Build.0 = Release|Any CPU
		{28C78CE5-7F18-4AF2-A402-4FEDD76C56C9}.Debug|Any CPU.ActiveCfg = Debug|Any CPU
		{28C78CE5-7F18-4AF2-A402-4FEDD76C56C9}.Debug|Any CPU.Build.0 = Debug|Any CPU
		{28C78CE5-7F18-4AF2-A402-4FEDD76C56C9}.Release|Any CPU.ActiveCfg = Release|Any CPU
		{28C78CE5-7F18-4AF2-A402-4FEDD76C56C9}.Release|Any CPU.Build.0 = Release|Any CPU
		{2802FFF3-40C6-4F45-8137-835FB8076301}.Debug|Any CPU.ActiveCfg = Debug|Any CPU
		{2802FFF3-40C6-4F45-8137-835FB8076301}.Debug|Any CPU.Build.0 = Debug|Any CPU
		{2802FFF3-40C6-4F45-8137-835FB8076301}.Release|Any CPU.ActiveCfg = Release|Any CPU
		{2802FFF3-40C6-4F45-8137-835FB8076301}.Release|Any CPU.Build.0 = Release|Any CPU
		{41C36960-0AF8-4FBC-B078-301F22ACD43C}.Debug|Any CPU.ActiveCfg = Debug|Any CPU
		{41C36960-0AF8-4FBC-B078-301F22ACD43C}.Debug|Any CPU.Build.0 = Debug|Any CPU
		{41C36960-0AF8-4FBC-B078-301F22ACD43C}.Release|Any CPU.ActiveCfg = Release|Any CPU
		{41C36960-0AF8-4FBC-B078-301F22ACD43C}.Release|Any CPU.Build.0 = Release|Any CPU
		{232275A1-12BA-42EF-AA34-BD6F4EC373AF}.Debug|Any CPU.ActiveCfg = Debug|Any CPU
		{232275A1-12BA-42EF-AA34-BD6F4EC373AF}.Debug|Any CPU.Build.0 = Debug|Any CPU
		{232275A1-12BA-42EF-AA34-BD6F4EC373AF}.Release|Any CPU.ActiveCfg = Release|Any CPU
		{232275A1-12BA-42EF-AA34-BD6F4EC373AF}.Release|Any CPU.Build.0 = Release|Any CPU
		{19DBB00D-0F8B-442A-B805-ED04CFAC1D10}.Debug|Any CPU.ActiveCfg = Debug|Any CPU
		{19DBB00D-0F8B-442A-B805-ED04CFAC1D10}.Debug|Any CPU.Build.0 = Debug|Any CPU
		{19DBB00D-0F8B-442A-B805-ED04CFAC1D10}.Release|Any CPU.ActiveCfg = Release|Any CPU
		{19DBB00D-0F8B-442A-B805-ED04CFAC1D10}.Release|Any CPU.Build.0 = Release|Any CPU
	EndGlobalSection
	GlobalSection(NestedProjects) = preSolution
		{7FA2B147-E344-4FBD-8E58-F2B348C705D8} = {859DB82B-572D-452C-9C5F-7157A232A4DB}
		{3E217A69-4B6D-485F-9D0C-1DC131DB7EB7} = {859DB82B-572D-452C-9C5F-7157A232A4DB}
		{FE17C524-A295-4776-A347-DDB3E630293F} = {859DB82B-572D-452C-9C5F-7157A232A4DB}
		{E29938E7-CA2B-4D2C-B754-45457F7AC76D} = {859DB82B-572D-452C-9C5F-7157A232A4DB}
		{26D90A51-3274-44D1-B0F3-13E3FC70B28F} = {859DB82B-572D-452C-9C5F-7157A232A4DB}
		{DF514879-9F7B-4A73-B198-A88A5C66D254} = {859DB82B-572D-452C-9C5F-7157A232A4DB}
		{7D4BF2BD-0ED3-4EAF-A314-6E46CF77EF5A} = {859DB82B-572D-452C-9C5F-7157A232A4DB}
		{4C32D2BA-E376-4551-BB9B-B2807FE27664} = {859DB82B-572D-452C-9C5F-7157A232A4DB}
		{4EEE5947-C82B-41EB-BC9E-F97E5D670F63} = {859DB82B-572D-452C-9C5F-7157A232A4DB}
		{B8F27C61-B967-4E8C-BB93-9116720609B8} = {859DB82B-572D-452C-9C5F-7157A232A4DB}
		{CE097413-E07C-4717-803C-4824B0DDDC90} = {859DB82B-572D-452C-9C5F-7157A232A4DB}
		{AF362699-2843-475D-A77C-A52A20DC1956} = {859DB82B-572D-452C-9C5F-7157A232A4DB}
		{BA75A87A-2EDB-445B-8DCB-B29967938F93} = {7046D895-4628-4A6B-A9A2-91AF2A4FBDAF}
		{03DFB62B-C9DB-447E-95F5-6D168D2CA001} = {7046D895-4628-4A6B-A9A2-91AF2A4FBDAF}
		{2802FFF3-40C6-4F45-8137-835FB8076301} = {7046D895-4628-4A6B-A9A2-91AF2A4FBDAF}
		{09AC70CE-C60D-4A51-987A-6D10E462F923} = {7046D895-4628-4A6B-A9A2-91AF2A4FBDAF}
		{28C78CE5-7F18-4AF2-A402-4FEDD76C56C9} = {09AC70CE-C60D-4A51-987A-6D10E462F923}
		{41C36960-0AF8-4FBC-B078-301F22ACD43C} = {09AC70CE-C60D-4A51-987A-6D10E462F923}
		{232275A1-12BA-42EF-AA34-BD6F4EC373AF} = {7046D895-4628-4A6B-A9A2-91AF2A4FBDAF}
		{19DBB00D-0F8B-442A-B805-ED04CFAC1D10} = {09AC70CE-C60D-4A51-987A-6D10E462F923}
	EndGlobalSection
EndGlobal
